
Microsoft Visual Studio Solution File, Format Version 12.00
# Visual Studio Version 17
VisualStudioVersion = 17.9.34616.47
MinimumVisualStudioVersion = 10.0.40219.1
Project("{FAE04EC0-301F-11D3-BF4B-00C04F79EFBC}") = "GUI", "GUI.csproj", "{DD7D3C3B-4ED2-4741-8F06-1D2FCCCF3A51}"
EndProject
Project("{FAE04EC0-301F-11D3-BF4B-00C04F79EFBC}") = "DAL", "..\DAL\DAL.csproj", "{3E92D399-EB39-4D77-B3AA-802D3D2EC8E9}"
EndProject
Project("{FAE04EC0-301F-11D3-BF4B-00C04F79EFBC}") = "DTO", "..\DTO\DTO.csproj", "{8399077E-D08D-4538-B02B-E04CBC462B4A}"
EndProject
Project("{FAE04EC0-301F-11D3-BF4B-00C04F79EFBC}") = "BLL", "..\BLL\BLL.csproj", "{7AD545CF-F7EF-451A-8EBF-82DB115D933F}"
EndProject
Project("{2150E333-8FDC-42A3-9474-1A3956D46DE8}") = "Image", "Image", "{3E6AE295-D4F9-4913-BEA9-D4A569D440E3}"
	ProjectSection(SolutionItems) = preProject
		..\Image\growtika-FQ3lFA4Zi58-unsplash.jpg = ..\Image\growtika-FQ3lFA4Zi58-unsplash.jpg
		..\Image\wallhaven-5ywdg1.jpg = ..\Image\wallhaven-5ywdg1.jpg
		..\Image\wallhaven-9dgq28.jpg = ..\Image\wallhaven-9dgq28.jpg
		..\Image\wallhaven-d69eom.jpg = ..\Image\wallhaven-d69eom.jpg
		..\Image\wallhaven-e8ok8r.jpg = ..\Image\wallhaven-e8ok8r.jpg
		..\Image\wallhaven-gw8593.jpg = ..\Image\wallhaven-gw8593.jpg
		..\Image\wallhaven-l8e9zq.jpg = ..\Image\wallhaven-l8e9zq.jpg
		..\Image\wallhaven-ogxe7p.jpg = ..\Image\wallhaven-ogxe7p.jpg
		..\Image\wallhaven-w5yr2p.jpg = ..\Image\wallhaven-w5yr2p.jpg
	EndProjectSection
EndProject
Global
	GlobalSection(SolutionConfigurationPlatforms) = preSolution
		Debug|Any CPU = Debug|Any CPU
		Release|Any CPU = Release|Any CPU
	EndGlobalSection
	GlobalSection(ProjectConfigurationPlatforms) = postSolution
		{DD7D3C3B-4ED2-4741-8F06-1D2FCCCF3A51}.Debug|Any CPU.ActiveCfg = Debug|Any CPU
		{DD7D3C3B-4ED2-4741-8F06-1D2FCCCF3A51}.Debug|Any CPU.Build.0 = Debug|Any CPU
		{DD7D3C3B-4ED2-4741-8F06-1D2FCCCF3A51}.Release|Any CPU.ActiveCfg = Release|Any CPU
		{DD7D3C3B-4ED2-4741-8F06-1D2FCCCF3A51}.Release|Any CPU.Build.0 = Release|Any CPU
		{3E92D399-EB39-4D77-B3AA-802D3D2EC8E9}.Debug|Any CPU.ActiveCfg = Debug|Any CPU
		{3E92D399-EB39-4D77-B3AA-802D3D2EC8E9}.Debug|Any CPU.Build.0 = Debug|Any CPU
		{3E92D399-EB39-4D77-B3AA-802D3D2EC8E9}.Release|Any CPU.ActiveCfg = Release|Any CPU
		{3E92D399-EB39-4D77-B3AA-802D3D2EC8E9}.Release|Any CPU.Build.0 = Release|Any CPU
		{8399077E-D08D-4538-B02B-E04CBC462B4A}.Debug|Any CPU.ActiveCfg = Debug|Any CPU
		{8399077E-D08D-4538-B02B-E04CBC462B4A}.Debug|Any CPU.Build.0 = Debug|Any CPU
		{8399077E-D08D-4538-B02B-E04CBC462B4A}.Release|Any CPU.ActiveCfg = Release|Any CPU
		{8399077E-D08D-4538-B02B-E04CBC462B4A}.Release|Any CPU.Build.0 = Release|Any CPU
		{7AD545CF-F7EF-451A-8EBF-82DB115D933F}.Debug|Any CPU.ActiveCfg = Debug|Any CPU
		{7AD545CF-F7EF-451A-8EBF-82DB115D933F}.Debug|Any CPU.Build.0 = Debug|Any CPU
		{7AD545CF-F7EF-451A-8EBF-82DB115D933F}.Release|Any CPU.ActiveCfg = Release|Any CPU
		{7AD545CF-F7EF-451A-8EBF-82DB115D933F}.Release|Any CPU.Build.0 = Release|Any CPU
	EndGlobalSection
	GlobalSection(SolutionProperties) = preSolution
		HideSolutionNode = FALSE
	EndGlobalSection
	GlobalSection(ExtensibilityGlobals) = postSolution
		SolutionGuid = {DB34239F-623B-4F86-920E-0389787F5F96}
	EndGlobalSection
EndGlobal
